
Microsoft Visual Studio Solution File, Format Version 12.00
# Visual Studio 2013
VisualStudioVersion = 12.0.21005.1
MinimumVisualStudioVersion = 10.0.40219.1
Project("{FAE04EC0-301F-11D3-BF4B-00C04F79EFBC}") = "bl", "bl\bl.csproj", "{949BF187-F6A4-4E38-BC57-DBE0AF471ACD}"
EndProject
Project("{FAE04EC0-301F-11D3-BF4B-00C04F79EFBC}") = "bl.Tests", "bl.Tests\bl.Tests.csproj", "{E6CB7389-2525-4A24-BDD7-D3621A72DB73}"
EndProject
Global
	GlobalSection(SolutionConfigurationPlatforms) = preSolution
		Debug|Any CPU = Debug|Any CPU
		Release|Any CPU = Release|Any CPU
	EndGlobalSection
	GlobalSection(ProjectConfigurationPlatforms) = postSolution
		{949BF187-F6A4-4E38-BC57-DBE0AF471ACD}.Debug|Any CPU.ActiveCfg = Debug|Any CPU
		{949BF187-F6A4-4E38-BC57-DBE0AF471ACD}.Debug|Any CPU.Build.0 = Debug|Any CPU
		{949BF187-F6A4-4E38-BC57-DBE0AF471ACD}.Release|Any CPU.ActiveCfg = Release|Any CPU
		{949BF187-F6A4-4E38-BC57-DBE0AF471ACD}.Release|Any CPU.Build.0 = Release|Any CPU
		{E6CB7389-2525-4A24-BDD7-D3621A72DB73}.Debug|Any CPU.ActiveCfg = Debug|Any CPU
		{E6CB7389-2525-4A24-BDD7-D3621A72DB73}.Debug|Any CPU.Build.0 = Debug|Any CPU
		{E6CB7389-2525-4A24-BDD7-D3621A72DB73}.Release|Any CPU.ActiveCfg = Release|Any CPU
		{E6CB7389-2525-4A24-BDD7-D3621A72DB73}.Release|Any CPU.Build.0 = Release|Any CPU
	EndGlobalSection
	GlobalSection(SolutionProperties) = preSolution
		HideSolutionNode = FALSE
	EndGlobalSection
EndGlobal
